<?xml version="1.0" encoding="utf-8"?>
<Project ToolsVersion="4.0" xmlns="http://schemas.microsoft.com/developer/msbuild/2003">
  <ItemGroup>
    <Filter Include="Source Files">
      <UniqueIdentifier>{e1253df0-550e-4f0f-b381-0ba3ab3351bb}</UniqueIdentifier>
      <Extensions>cpp;c;cxx;def;odl;idl;hpj;bat;asm</Extensions>
    </Filter>
    <Filter Include="Header Files">
      <UniqueIdentifier>{4feeb6d7-37f1-4771-96f2-102aa07bc7b9}</UniqueIdentifier>
      <Extensions>h;hpp;hxx;hm;inl;inc</Extensions>
    </Filter>
    <Filter Include="Resource Files">
      <UniqueIdentifier>{4f05e89d-1d40-443d-ae6c-6c843dcdf191}</UniqueIdentifier>
      <Extensions>rc;ico;cur;bmp;dlg;rc2;rct;bin;rgs;jpg;jpeg;jpe;manifest</Extensions>
    </Filter>
    <Filter Include="SoUI Resouece">
      <UniqueIdentifier>{b57421c7-ad8f-49f3-bb19-3622e0ba6b84}</UniqueIdentifier>
      <Extensions>idx;xml;png;gif;jpg;ico;lua;bmp</Extensions>
    </Filter>
    <Filter Include="SoUI Resouece\Image">
      <UniqueIdentifier>{dff576f3-d1b7-4c64-9046-0c3940bc0442}</UniqueIdentifier>
    </Filter>
    <Filter Include="SoUI Resouece\value">
      <UniqueIdentifier>{2c47d02c-3493-4baa-b73b-9b82c5c06bfa}</UniqueIdentifier>
    </Filter>
    <Filter Include="SoUI Resouece\xml">
      <UniqueIdentifier>{552b9eab-fac1-4ffe-9453-0227415e3f6e}</UniqueIdentifier>
    </Filter>
    <Filter Include="AnimationControl">
      <UniqueIdentifier>{10325e45-7b7c-48e4-8ea1-9f089028dfaa}</UniqueIdentifier>
    </Filter>
  </ItemGroup>
  <ItemGroup>
    <Text Include="readme.txt" />
  </ItemGroup>
  <ItemGroup>
    <ClCompile Include="flipclock.cpp">
      <Filter>Source Files</Filter>
    </ClCompile>
    <ClCompile Include="MainDlg.cpp">
      <Filter>Source Files</Filter>
    </ClCompile>
    <ClCompile Include="stdafx.cpp">
      <Filter>Source Files</Filter>
    </ClCompile>
    <ClCompile Include="trayicon\SShellNotifyIcon.cpp">
      <Filter>Source Files</Filter>
    </ClCompile>
    <ClCompile Include="uianimation\uianimationwnd.cpp">
      <Filter>AnimationControl</Filter>
    </ClCompile>
  </ItemGroup>
  <ItemGroup>
    <ResourceCompile Include="flipclock.rc">
      <Filter>Resource Files</Filter>
    </ResourceCompile>
  </ItemGroup>
  <ItemGroup>
    <ClInclude Include="MainDlg.h">
      <Filter>Header Files</Filter>
    </ClInclude>
    <ClInclude Include="resource.h">
      <Filter>Header Files</Filter>
    </ClInclude>
    <ClInclude Include="stdafx.h">
      <Filter>Header Files</Filter>
    </ClInclude>
    <ClInclude Include="trayicon\SShellNotifyIcon.h">
      <Filter>Header Files</Filter>
    </ClInclude>
    <ClInclude Include="uianimation\uianimationwnd.h">
      <Filter>AnimationControl</Filter>
    </ClInclude>
    <ClInclude Include="uianimation\UIAnimation.h">
      <Filter>AnimationControl</Filter>
    </ClInclude>
  </ItemGroup>
  <ItemGroup>
    <None Include="res\soui_res.rc2">
      <Filter>Resource Files</Filter>
    </None>
  </ItemGroup>
  <ItemGroup>
    <Xml Include="uires\values\color.xml">
      <Filter>SoUI Resouece\value</Filter>
    </Xml>
    <Xml Include="uires\values\skin.xml">
      <Filter>SoUI Resouece\value</Filter>
    </Xml>
    <Xml Include="uires\values\string.xml">
      <Filter>SoUI Resouece\value</Filter>
    </Xml>
    <Xml Include="uires\xml\dlg_main.xml">
      <Filter>SoUI Resouece\xml</Filter>
    </Xml>
    <Xml Include="uires\xml\menu_tray.xml">
      <Filter>SoUI Resouece\xml</Filter>
    </Xml>
    <Xml Include="uires\uidef\init.xml">
      <Filter>SoUI Resouece\xml</Filter>
    </Xml>
    <Xml Include="uires\Translator\lang_cn.xml">
      <Filter>SoUI Resouece\xml</Filter>
    </Xml>
  </ItemGroup>
  <ItemGroup>
    <Image Include="uires\image\flower.png">
      <Filter>SoUI Resouece\Image</Filter>
    </Image>
    <Image Include="uires\image\mode.png">
      <Filter>SoUI Resouece\Image</Filter>
    </Image>
    <Image Include="uires\image\bkgnd.PNG">
      <Filter>SoUI Resouece\Image</Filter>
    </Image>
    <Image Include="uires\image\soui.ico">
      <Filter>SoUI Resouece\Image</Filter>
    </Image>
  </ItemGroup>
  <ItemGroup>
    <CustomBuild Include="uires\uires.idx">
      <Filter>SoUI Resouece</Filter>
    </CustomBuild>
  </ItemGroup>
</Project>